
Microsoft Visual Studio Solution File, Format Version 12.00
# Visual Studio Version 16
VisualStudioVersion = 16.0.29009.5
MinimumVisualStudioVersion = 10.0.40219.1
Project("{FAE04EC0-301F-11D3-BF4B-00C04F79EFBC}") = "ConsoleApp30", "ConsoleApp30\ConsoleApp30.csproj", "{4DBAC535-3A3E-4C2B-A35D-F32D52269EE0}"
EndProject
Global
	GlobalSection(SolutionConfigurationPlatforms) = preSolution
		Debug|Any CPU = Debug|Any CPU
		Release|Any CPU = Release|Any CPU
	EndGlobalSection
	GlobalSection(ProjectConfigurationPlatforms) = postSolution
		{4DBAC535-3A3E-4C2B-A35D-F32D52269EE0}.Debug|Any CPU.ActiveCfg = Debug|Any CPU
		{4DBAC535-3A3E-4C2B-A35D-F32D52269EE0}.Debug|Any CPU.Build.0 = Debug|Any CPU
		{4DBAC535-3A3E-4C2B-A35D-F32D52269EE0}.Release|Any CPU.ActiveCfg = Release|Any CPU
		{4DBAC535-3A3E-4C2B-A35D-F32D52269EE0}.Release|Any CPU.Build.0 = Release|Any CPU
	EndGlobalSection
	GlobalSection(SolutionProperties) = preSolution
		HideSolutionNode = FALSE
	EndGlobalSection
	GlobalSection(ExtensibilityGlobals) = postSolution
		SolutionGuid = {34ABB6AB-F803-47CF-85E7-A23317BEB810}
	EndGlobalSection
EndGlobal
